
Microsoft Visual Studio Solution File, Format Version 12.00
# Visual Studio Version 17
VisualStudioVersion = 17.0.32126.317
MinimumVisualStudioVersion = 10.0.40219.1
Project("{8BC9CEB8-8B4A-11D0-8D11-00A0C91BC942}") = "BlackJack", "BlackJack.vcxproj", "{B7767EBD-20C0-44E7-B915-D4B9C2D7AAB5}"
EndProject
Global
	GlobalSection(SolutionConfigurationPlatforms) = preSolution
		Debug|x64 = Debug|x64
		Debug|x86 = Debug|x86
		Release|x64 = Release|x64
		Release|x86 = Release|x86
	EndGlobalSection
	GlobalSection(ProjectConfigurationPlatforms) = postSolution
		{B7767EBD-20C0-44E7-B915-D4B9C2D7AAB5}.Debug|x64.ActiveCfg = Debug|x64
		{B7767EBD-20C0-44E7-B915-D4B9C2D7AAB5}.Debug|x64.Build.0 = Debug|x64
		{B7767EBD-20C0-44E7-B915-D4B9C2D7AAB5}.Debug|x86.ActiveCfg = Debug|Win32
		{B7767EBD-20C0-44E7-B915-D4B9C2D7AAB5}.Debug|x86.Build.0 = Debug|Win32
		{B7767EBD-20C0-44E7-B915-D4B9C2D7AAB5}.Release|x64.ActiveCfg = Release|x64
		{B7767EBD-20C0-44E7-B915-D4B9C2D7AAB5}.Release|x64.Build.0 = Release|x64
		{B7767EBD-20C0-44E7-B915-D4B9C2D7AAB5}.Release|x86.ActiveCfg = Release|Win32
		{B7767EBD-20C0-44E7-B915-D4B9C2D7AAB5}.Release|x86.Build.0 = Release|Win32
	EndGlobalSection
	GlobalSection(SolutionProperties) = preSolution
		HideSolutionNode = FALSE
	EndGlobalSection
	GlobalSection(ExtensibilityGlobals) = postSolution
		SolutionGuid = {26BEAE26-B3CD-4461-80B2-BBD2A3051BAB}
	EndGlobalSection
EndGlobal
